
Microsoft Visual Studio Solution File, Format Version 12.00
Project("{FAE04EC0-301F-11D3-BF4B-00C04F79EFBC}") = "ChallengeFunctions", "ChallengeFunctions\ChallengeFunctions.csproj", "{94552310-5041-464E-A932-6D631F8335B2}"
EndProject
Project("{FAE04EC0-301F-11D3-BF4B-00C04F79EFBC}") = "ChallengeFunctions.Tests", "ChallengeFunctions.Tests\ChallengeFunctions.Tests.csproj", "{C23CD41C-EF97-4A49-834D-4972249A8E31}"
EndProject
Global
	GlobalSection(SolutionConfigurationPlatforms) = preSolution
		Debug|Any CPU = Debug|Any CPU
		Release|Any CPU = Release|Any CPU
	EndGlobalSection
	GlobalSection(ProjectConfigurationPlatforms) = postSolution
		{94552310-5041-464E-A932-6D631F8335B2}.Debug|Any CPU.ActiveCfg = Debug|Any CPU
		{94552310-5041-464E-A932-6D631F8335B2}.Debug|Any CPU.Build.0 = Debug|Any CPU
		{94552310-5041-464E-A932-6D631F8335B2}.Release|Any CPU.ActiveCfg = Release|Any CPU
		{94552310-5041-464E-A932-6D631F8335B2}.Release|Any CPU.Build.0 = Release|Any CPU
		{C23CD41C-EF97-4A49-834D-4972249A8E31}.Debug|Any CPU.ActiveCfg = Debug|Any CPU
		{C23CD41C-EF97-4A49-834D-4972249A8E31}.Debug|Any CPU.Build.0 = Debug|Any CPU
		{C23CD41C-EF97-4A49-834D-4972249A8E31}.Release|Any CPU.ActiveCfg = Release|Any CPU
		{C23CD41C-EF97-4A49-834D-4972249A8E31}.Release|Any CPU.Build.0 = Release|Any CPU
	EndGlobalSection
EndGlobal
